
Microsoft Visual Studio Solution File, Format Version 12.00
# Visual Studio 14
VisualStudioVersion = 14.0.23107.0
MinimumVisualStudioVersion = 10.0.40219.1
Project("{2150E333-8FDC-42A3-9474-1A3956D46DE8}") = "Server", "Server", "{79D7C6E8-7BE3-46DF-BD99-C2566B88B3AE}"
EndProject
Project("{2150E333-8FDC-42A3-9474-1A3956D46DE8}") = "Data", "Data", "{EA1FAF10-6E29-4D02-89FB-F96477DC4119}"
EndProject
Project("{2150E333-8FDC-42A3-9474-1A3956D46DE8}") = "FileManager", "FileManager", "{081416ED-FB6B-48A1-B048-68BA249A4EBE}"
EndProject
Project("{2150E333-8FDC-42A3-9474-1A3956D46DE8}") = "MediaPlayback", "MediaPlayback", "{E9183C80-B676-4BC2-B289-3FD346D83EA4}"
EndProject
Project("{2150E333-8FDC-42A3-9474-1A3956D46DE8}") = "Infrastructure", "Infrastructure", "{C6F81A53-7ECE-43DF-BE80-B3B848B8E411}"
EndProject
Project("{FAE04EC0-301F-11D3-BF4B-00C04F79EFBC}") = "LocalMediaManager.Manager", "LocalMediaManager.Manager\LocalMediaManager.Manager.csproj", "{7E594908-204F-44FE-86D2-D0FDE51440EC}"
EndProject
Project("{FAE04EC0-301F-11D3-BF4B-00C04F79EFBC}") = "LocalMediaManager.Configuration", "LocalMediaManager.Configuration\LocalMediaManager.Configuration.csproj", "{7B46503B-D23F-4CAC-9214-DE77D717058C}"
EndProject
Project("{FAE04EC0-301F-11D3-BF4B-00C04F79EFBC}") = "LocalMediaManager.Logging", "LocalMediaManager.Logging\LocalMediaManager.Logging.csproj", "{77956676-AEF6-4321-8D2A-E4328808FA89}"
EndProject
Project("{FAE04EC0-301F-11D3-BF4B-00C04F79EFBC}") = "LocalMediaManager.WebApi", "LocalMediaManager.WebApi\LocalMediaManager.WebApi.csproj", "{B87A25E4-9E38-478F-AF12-C9D08D625918}"
EndProject
Project("{FAE04EC0-301F-11D3-BF4B-00C04F79EFBC}") = "WebApiExampleSetup", "WebApiExampleSetup\WebApiExampleSetup.csproj", "{F744CA08-3B9A-4FB7-ACEF-C83EB878F91A}"
EndProject
Project("{FAE04EC0-301F-11D3-BF4B-00C04F79EFBC}") = "LocalMediaManager.Data.Models", "LocalMediaManager.Data.Models\LocalMediaManager.Data.Models.csproj", "{2002E957-1D33-4E83-A17C-B3DB0BF965C5}"
EndProject
Project("{FAE04EC0-301F-11D3-BF4B-00C04F79EFBC}") = "LocalMediaManager.Data.DataAccess", "LocalMediaManager.Data.DataAccess\LocalMediaManager.Data.DataAccess.csproj", "{68A06317-F2AE-4E07-BDAA-C8723DA4D526}"
EndProject
Global
	GlobalSection(SolutionConfigurationPlatforms) = preSolution
		Debug|Any CPU = Debug|Any CPU
		Release|Any CPU = Release|Any CPU
	EndGlobalSection
	GlobalSection(ProjectConfigurationPlatforms) = postSolution
		{7E594908-204F-44FE-86D2-D0FDE51440EC}.Debug|Any CPU.ActiveCfg = Debug|Any CPU
		{7E594908-204F-44FE-86D2-D0FDE51440EC}.Debug|Any CPU.Build.0 = Debug|Any CPU
		{7E594908-204F-44FE-86D2-D0FDE51440EC}.Release|Any CPU.ActiveCfg = Release|Any CPU
		{7E594908-204F-44FE-86D2-D0FDE51440EC}.Release|Any CPU.Build.0 = Release|Any CPU
		{7B46503B-D23F-4CAC-9214-DE77D717058C}.Debug|Any CPU.ActiveCfg = Debug|Any CPU
		{7B46503B-D23F-4CAC-9214-DE77D717058C}.Debug|Any CPU.Build.0 = Debug|Any CPU
		{7B46503B-D23F-4CAC-9214-DE77D717058C}.Release|Any CPU.ActiveCfg = Release|Any CPU
		{7B46503B-D23F-4CAC-9214-DE77D717058C}.Release|Any CPU.Build.0 = Release|Any CPU
		{77956676-AEF6-4321-8D2A-E4328808FA89}.Debug|Any CPU.ActiveCfg = Debug|Any CPU
		{77956676-AEF6-4321-8D2A-E4328808FA89}.Debug|Any CPU.Build.0 = Debug|Any CPU
		{77956676-AEF6-4321-8D2A-E4328808FA89}.Release|Any CPU.ActiveCfg = Release|Any CPU
		{77956676-AEF6-4321-8D2A-E4328808FA89}.Release|Any CPU.Build.0 = Release|Any CPU
		{B87A25E4-9E38-478F-AF12-C9D08D625918}.Debug|Any CPU.ActiveCfg = Debug|Any CPU
		{B87A25E4-9E38-478F-AF12-C9D08D625918}.Debug|Any CPU.Build.0 = Debug|Any CPU
		{B87A25E4-9E38-478F-AF12-C9D08D625918}.Release|Any CPU.ActiveCfg = Release|Any CPU
		{B87A25E4-9E38-478F-AF12-C9D08D625918}.Release|Any CPU.Build.0 = Release|Any CPU
		{F744CA08-3B9A-4FB7-ACEF-C83EB878F91A}.Debug|Any CPU.ActiveCfg = Debug|Any CPU
		{F744CA08-3B9A-4FB7-ACEF-C83EB878F91A}.Debug|Any CPU.Build.0 = Debug|Any CPU
		{F744CA08-3B9A-4FB7-ACEF-C83EB878F91A}.Release|Any CPU.ActiveCfg = Release|Any CPU
		{F744CA08-3B9A-4FB7-ACEF-C83EB878F91A}.Release|Any CPU.Build.0 = Release|Any CPU
		{2002E957-1D33-4E83-A17C-B3DB0BF965C5}.Debug|Any CPU.ActiveCfg = Debug|Any CPU
		{2002E957-1D33-4E83-A17C-B3DB0BF965C5}.Debug|Any CPU.Build.0 = Debug|Any CPU
		{2002E957-1D33-4E83-A17C-B3DB0BF965C5}.Release|Any CPU.ActiveCfg = Release|Any CPU
		{2002E957-1D33-4E83-A17C-B3DB0BF965C5}.Release|Any CPU.Build.0 = Release|Any CPU
		{68A06317-F2AE-4E07-BDAA-C8723DA4D526}.Debug|Any CPU.ActiveCfg = Debug|Any CPU
		{68A06317-F2AE-4E07-BDAA-C8723DA4D526}.Debug|Any CPU.Build.0 = Debug|Any CPU
		{68A06317-F2AE-4E07-BDAA-C8723DA4D526}.Release|Any CPU.ActiveCfg = Release|Any CPU
		{68A06317-F2AE-4E07-BDAA-C8723DA4D526}.Release|Any CPU.Build.0 = Release|Any CPU
	EndGlobalSection
	GlobalSection(SolutionProperties) = preSolution
		HideSolutionNode = FALSE
	EndGlobalSection
	GlobalSection(NestedProjects) = preSolution
		{7E594908-204F-44FE-86D2-D0FDE51440EC} = {79D7C6E8-7BE3-46DF-BD99-C2566B88B3AE}
		{7B46503B-D23F-4CAC-9214-DE77D717058C} = {C6F81A53-7ECE-43DF-BE80-B3B848B8E411}
		{77956676-AEF6-4321-8D2A-E4328808FA89} = {C6F81A53-7ECE-43DF-BE80-B3B848B8E411}
		{B87A25E4-9E38-478F-AF12-C9D08D625918} = {79D7C6E8-7BE3-46DF-BD99-C2566B88B3AE}
		{F744CA08-3B9A-4FB7-ACEF-C83EB878F91A} = {79D7C6E8-7BE3-46DF-BD99-C2566B88B3AE}
		{2002E957-1D33-4E83-A17C-B3DB0BF965C5} = {EA1FAF10-6E29-4D02-89FB-F96477DC4119}
		{68A06317-F2AE-4E07-BDAA-C8723DA4D526} = {EA1FAF10-6E29-4D02-89FB-F96477DC4119}
	EndGlobalSection
EndGlobal
